// !$*UTF8*$!
{
	archiveVersion = 1;
	classes = {
	};
	objectVersion = 50;
	objects = {

/* Begin PBXBuildFile section */
		D555E36F21CE186600BD3473 /* AppDelegate.m in Sources */ = {isa = PBXBuildFile; fileRef = D555E36E21CE186600BD3473 /* AppDelegate.m */; };
		D555E37221CE186600BD3473 /* ViewController.m in Sources */ = {isa = PBXBuildFile; fileRef = D555E37121CE186600BD3473 /* ViewController.m */; };
		D555E37521CE186600BD3473 /* Main.storyboard in Resources */ = {isa = PBXBuildFile; fileRef = D555E37321CE186600BD3473 /* Main.storyboard */; };
		D555E37721CE186700BD3473 /* Assets.xcassets in Resources */ = {isa = PBXBuildFile; fileRef = D555E37621CE186700BD3473 /* Assets.xcassets */; };
		D555E37A21CE186700BD3473 /* LaunchScreen.storyboard in Resources */ = {isa = PBXBuildFile; fileRef = D555E37821CE186700BD3473 /* LaunchScreen.storyboard */; };
		D555E37D21CE186700BD3473 /* main.m in Sources */ = {isa = PBXBuildFile; fileRef = D555E37C21CE186700BD3473 /* main.m */; };
		D555E38521CE189600BD3473 /* NSTimer+LymTimerBlock.m in Sources */ = {isa = PBXBuildFile; fileRef = D555E38321CE189600BD3473 /* NSTimer+LymTimerBlock.m */; };
/* End PBXBuildFile section */

/* Begin PBXFileReference section */
		D555E36A21CE186600BD3473 /* NSTimerLoop.app */ = {isa = PBXFileReference; explicitFileType = wrapper.application; includeInIndex = 0; path = NSTimerLoop.app; sourceTree = BUILT_PRODUCTS_DIR; };
		D555E36D21CE186600BD3473 /* AppDelegate.h */ = {isa = PBXFileReference; lastKnownFileType = sourcecode.c.h; path = AppDelegate.h; sourceTree = "<group>"; };
		D555E36E21CE186600BD3473 /* AppDelegate.m */ = {isa = PBXFileReference; lastKnownFileType = sourcecode.c.objc; path = AppDelegate.m; sourceTree = "<group>"; };
		D555E37021CE186600BD3473 /* ViewController.h */ = {isa = PBXFileReference; lastKnownFileType = sourcecode.c.h; path = ViewController.h; sourceTree = "<group>"; };
		D555E37121CE186600BD3473 /* ViewController.m */ = {isa = PBXFileReference; lastKnownFileType = sourcecode.c.objc; path = ViewController.m; sourceTree = "<group>"; };
		D555E37421CE186600BD3473 /* Base */ = {isa = PBXFileReference; lastKnownFileType = file.storyboard; name = Base; path = Base.lproj/Main.storyboard; sourceTree = "<group>"; };
		D555E37621CE186700BD3473 /* Assets.xcassets */ = {isa = PBXFileReference; lastKnownFileType = folder.assetcatalog; path = Assets.xcassets; sourceTree = "<group>"; };
		D555E37921CE186700BD3473 /* Base */ = {isa = PBXFileReference; lastKnownFileType = file.storyboard; name = Base; path = Base.lproj/LaunchScreen.storyboard; sourceTree = "<group>"; };
		D555E37B21CE186700BD3473 /* Info.plist */ = {isa = PBXFileReference; lastKnownFileType = text.plist.xml; path = Info.plist; sourceTree = "<group>"; };
		D555E37C21CE186700BD3473 /* main.m */ = {isa = PBXFileReference; lastKnownFileType = sourcecode.c.objc; path = main.m; sourceTree = "<group>"; };
		D555E38321CE189600BD3473 /* NSTimer+LymTimerBlock.m */ = {isa = PBXFileReference; fileEncoding = 4; lastKnownFileType = sourcecode.c.objc; path = "NSTimer+LymTimerBlock.m"; sourceTree = "<group>"; };
		D555E38421CE189600BD3473 /* NSTimer+LymTimerBlock.h */ = {isa = PBXFileReference; fileEncoding = 4; lastKnownFileType = sourcecode.c.h; path = "NSTimer+LymTimerBlock.h"; sourceTree = "<group>"; };
/* End PBXFileReference section */

/* Begin PBXFrameworksBuildPhase section */
		D555E36721CE186600BD3473 /* Frameworks */ = {
			isa = PBXFrameworksBuildPhase;
			buildActionMask = 2147483647;
			files = (
			);
			runOnlyForDeploymentPostprocessing = 0;
		};
/* End PBXFrameworksBuildPhase section */

/* Begin PBXGroup section */
		D555E36121CE186600BD3473 = {
			isa = PBXGroup;
			children = (
				D555E36C21CE186600BD3473 /* NSTimerLoop */,
				D555E36B21CE186600BD3473 /* Products */,
			);
			sourceTree = "<group>";
		};
		D555E36B21CE186600BD3473 /* Products */ = {
			isa = PBXGroup;
			children = (
				D555E36A21CE186600BD3473 /* NSTimerLoop.app */,
			);
			name = Products;
			sourceTree = "<group>";
		};
		D555E36C21CE186600BD3473 /* NSTimerLoop */ = {
			isa = PBXGroup;
			children = (
				D555E38421CE189600BD3473 /* NSTimer+LymTimerBlock.h */,
				D555E38321CE189600BD3473 /* NSTimer+LymTimerBlock.m */,
				D555E36D21CE186600BD3473 /* AppDelegate.h */,
				D555E36E21CE186600BD3473 /* AppDelegate.m */,
				D555E37021CE186600BD3473 /* ViewController.h */,
				D555E37121CE186600BD3473 /* ViewController.m */,
				D555E37321CE186600BD3473 /* Main.storyboard */,
				D555E37621CE186700BD3473 /* Assets.xcassets */,
				D555E37821CE186700BD3473 /* LaunchScreen.storyboard */,
				D555E37B21CE186700BD3473 /* Info.plist */,
				D555E37C21CE186700BD3473 /* main.m */,
			);
			path = NSTimerLoop;
			sourceTree = "<group>";
		};
/* End PBXGroup section */

/* Begin PBXNativeTarget section */
		D555E36921CE186600BD3473 /* NSTimerLoop */ = {
			isa = PBXNativeTarget;
			buildConfigurationList = D555E38021CE186700BD3473 /* Build configuration list for PBXNativeTarget "NSTimerLoop" */;
			buildPhases = (
				D555E36621CE186600BD3473 /* Sources */,
				D555E36721CE186600BD3473 /* Frameworks */,
				D555E36821CE186600BD3473 /* Resources */,
			);
			buildRules = (
			);
			dependencies = (
			);
			name = NSTimerLoop;
			productName = NSTimerLoop;
			productReference = D555E36A21CE186600BD3473 /* NSTimerLoop.app */;
			productType = "com.apple.product-type.application";
		};
/* End PBXNativeTarget section */

/* Begin PBXProject section */
		D555E36221CE186600BD3473 /* Project object */ = {
			isa = PBXProject;
			attributes = {
				LastUpgradeCheck = 1010;
				ORGANIZATIONNAME = "李艳敏";
				TargetAttributes = {
					D555E36921CE186600BD3473 = {
						CreatedOnToolsVersion = 10.1;
					};
				};
			};
			buildConfigurationList = D555E36521CE186600BD3473 /* Build configuration list for PBXProject "NSTimerLoop" */;
			compatibilityVersion = "Xcode 9.3";
			developmentRegion = en;
			hasScannedForEncodings = 0;
			knownRegions = (
				en,
				Base,
			);
			mainGroup = D555E36121CE186600BD3473;
			productRefGroup = D555E36B21CE186600BD3473 /* Products */;
			projectDirPath = "";
			projectRoot = "";
			targets = (
				D555E36921CE186600BD3473 /* NSTimerLoop */,
			);
		};
/* End PBXProject section */

/* Begin PBXResourcesBuildPhase section */
		D555E36821CE186600BD3473 /* Resources */ = {
			isa = PBXResourcesBuildPhase;
			buildActionMask = 2147483647;
			files = (
				D555E37A21CE186700BD3473 /* LaunchScreen.storyboard in Resources */,
				D555E37721CE186700BD3473 /* Assets.xcassets in Resources */,
				D555E37521CE186600BD3473 /* Main.storyboard in Resources */,
			);
			runOnlyForDeploymentPostprocessing = 0;
		};
/* End PBXResourcesBuildPhase section */

/* Begin PBXSourcesBuildPhase section */
		D555E36621CE186600BD3473 /* Sources */ = {
			isa = PBXSourcesBuildPhase;
			buildActionMask = 2147483647;
			files = (
				D555E37221CE186600BD3473 /* ViewController.m in Sources */,
				D555E38521CE189600BD3473 /* NSTimer+LymTimerBlock.m in Sources */,
				D555E37D21CE186700BD3473 /* main.m in Sources */,
				D555E36F21CE186600BD3473 /* AppDelegate.m in Sources */,
			);
			runOnlyForDeploymentPostprocessing = 0;
		};
/* End PBXSourcesBuildPhase section */

/* Begin PBXVariantGroup section */
		D555E37321CE186600BD3473 /* Main.storyboard */ = {
			isa = PBXVariantGroup;
			children = (
				D555E37421CE186600BD3473 /* Base */,
			);
			name = Main.storyboard;
			sourceTree = "<group>";
		};
		D555E37821CE186700BD3473 /* LaunchScreen.storyboard */ = {
			isa = PBXVariantGroup;
			children = (
				D555E37921CE186700BD3473 /* Base */,
			);
			name = LaunchScreen.storyboard;
			sourceTree = "<group>";
		};
/* End PBXVariantGroup section */

/* Begin XCBuildConfiguration section */
		D555E37E21CE186700BD3473 /* Debug */ = {
			isa = XCBuildConfiguration;
			buildSettings = {
				ALWAYS_SEARCH_USER_PATHS = NO;
				CLANG_ANALYZER_NONNULL = YES;
				CLANG_ANALYZER_NUMBER_OBJECT_CONVERSION = YES_AGGRESSIVE;
				CLANG_CXX_LANGUAGE_STANDARD = "gnu++14";
				CLANG_CXX_LIBRARY = "libc++";
				CLANG_ENABLE_MODULES = YES;
				CLANG_ENABLE_OBJC_ARC = YES;
				CLANG_ENABLE_OBJC_WEAK = YES;
				CLANG_WARN_BLOCK_CAPTURE_AUTORELEASING = YES;
				CLANG_WARN_BOOL_CONVERSION = YES;
				CLANG_WARN_COMMA = YES;
				CLANG_WARN_CONSTANT_CONVERSION = YES;
				CLANG_WARN_DEPRECATED_OBJC_IMPLEMENTATIONS = YES;
				CLANG_WARN_DIRECT_OBJC_ISA_USAGE = YES_ERROR;
				CLANG_WARN_DOCUMENTATION_COMMENTS = YES;
				CLANG_WARN_EMPTY_BODY = YES;
				CLANG_WARN_ENUM_CONVERSION = YES;
				CLANG_WARN_INFINITE_RECURSION = YES;
				CLANG_WARN_INT_CONVERSION = YES;
				CLANG_WARN_NON_LITERAL_NULL_CONVERSION = YES;
				CLANG_WARN_OBJC_IMPLICIT_RETAIN_SELF = YES;
				CLANG_WARN_OBJC_LITERAL_CONVERSION = YES;
				CLANG_WARN_OBJC_ROOT_CLASS = YES_ERROR;
				CLANG_WARN_RANGE_LOOP_ANALYSIS = YES;
				CLANG_WARN_STRICT_PROTOTYPES = YES;
				CLANG_WARN_SUSPICIOUS_MOVE = YES;
				CLANG_WARN_UNGUARDED_AVAILABILITY = YES_AGGRESSIVE;
				CLANG_WARN_UNREACHABLE_CODE = YES;
				CLANG_WARN__DUPLICATE_METHOD_MATCH = YES;
				CODE_SIGN_IDENTITY = "iPhone Developer";
				COPY_PHASE_STRIP = NO;
				DEBUG_INFORMATION_FORMAT = dwarf;
				ENABLE_STRICT_OBJC_MSGSEND = YES;
				ENABLE_TESTABILITY = YES;
				GCC_C_LANGUAGE_STANDARD = gnu11;
				GCC_DYNAMIC_NO_PIC = NO;
				GCC_NO_COMMON_BLOCKS = YES;
				GCC_OPTIMIZATION_LEVEL = 0;
				GCC_PREPROCESSOR_DEFINITIONS = (
					"DEBUG=1",
					"$(inherited)",
				);
				GCC_WARN_64_TO_32_BIT_CONVERSION = YES;
				GCC_WARN_ABOUT_RETURN_TYPE = YES_ERROR;
				GCC_WARN_UNDECLARED_SELECTOR = YES;
				GCC_WARN_UNINITIALIZED_AUTOS = YES_AGGRESSIVE;
				GCC_WARN_UNUSED_FUNCTION = YES;
				GCC_WARN_UNUSED_VARIABLE = YES;
				IPHONEOS_DEPLOYMENT_TARGET = 12.1;
				MTL_ENABLE_DEBUG_INFO = INCLUDE_SOURCE;
				MTL_FAST_MATH = YES;
				ONLY_ACTIVE_ARCH = YES;
				SDKROOT = iphoneos;
			};
			name = Debug;
		};
		D555E37F21CE186700BD3473 /* Release */ = {
			isa = XCBuildConfiguration;
			buildSettings = {
				ALWAYS_SEARCH_USER_PATHS = NO;
				CLANG_ANALYZER_NONNULL = YES;
				CLANG_ANALYZER_NUMBER_OBJECT_CONVERSION = YES_AGGRESSIVE;
				CLANG_CXX_LANGUAGE_STANDARD = "gnu++14";
				CLANG_CXX_LIBRARY = "libc++";
				CLANG_ENABLE_MODULES = YES;
				CLANG_ENABLE_OBJC_ARC = YES;
				CLANG_ENABLE_OBJC_WEAK = YES;
				CLANG_WARN_BLOCK_CAPTURE_AUTORELEASING = YES;
				CLANG_WARN_BOOL_CONVERSION = YES;
				CLANG_WARN_COMMA = YES;
				CLANG_WARN_CONSTANT_CONVERSION = YES;
				CLANG_WARN_DEPRECATED_OBJC_IMPLEMENTATIONS = YES;
				CLANG_WARN_DIRECT_OBJC_ISA_USAGE = YES_ERROR;
				CLANG_WARN_DOCUMENTATION_COMMENTS = YES;
				CLANG_WARN_EMPTY_BODY = YES;
				CLANG_WARN_ENUM_CONVERSION = YES;
				CLANG_WARN_INFINITE_RECURSION = YES;
				CLANG_WARN_INT_CONVERSION = YES;
				CLANG_WARN_NON_LITERAL_NULL_CONVERSION = YES;
				CLANG_WARN_OBJC_IMPLICIT_RETAIN_SELF = YES;
				CLANG_WARN_OBJC_LITERAL_CONVERSION = YES;
				CLANG_WARN_OBJC_ROOT_CLASS = YES_ERROR;
				CLANG_WARN_RANGE_LOOP_ANALYSIS = YES;
				CLANG_WARN_STRICT_PROTOTYPES = YES;
				CLANG_WARN_SUSPICIOUS_MOVE = YES;
				CLANG_WARN_UNGUARDED_AVAILABILITY = YES_AGGRESSIVE;
				CLANG_WARN_UNREACHABLE_CODE = YES;
				CLANG_WARN__DUPLICATE_METHOD_MATCH = YES;
				CODE_SIGN_IDENTITY = "iPhone Developer";
				COPY_PHASE_STRIP = NO;
				DEBUG_INFORMATION_FORMAT = "dwarf-with-dsym";
				ENABLE_NS_ASSERTIONS = NO;
				ENABLE_STRICT_OBJC_MSGSEND = YES;
				GCC_C_LANGUAGE_STANDARD = gnu11;
				GCC_NO_COMMON_BLOCKS = YES;
				GCC_WARN_64_TO_32_BIT_CONVERSION = YES;
				GCC_WARN_ABOUT_RETURN_TYPE = YES_ERROR;
				GCC_WARN_UNDECLARED_SELECTOR = YES;
				GCC_WARN_UNINITIALIZED_AUTOS = YES_AGGRESSIVE;
				GCC_WARN_UNUSED_FUNCTION = YES;
				GCC_WARN_UNUSED_VARIABLE = YES;
				IPHONEOS_DEPLOYMENT_TARGET = 12.1;
				MTL_ENABLE_DEBUG_INFO = NO;
				MTL_FAST_MATH = YES;
				SDKROOT = iphoneos;
				VALIDATE_PRODUCT = YES;
			};
			name = Release;
		};
		D555E38121CE186700BD3473 /* Debug */ = {
			isa = XCBuildConfiguration;
			buildSettings = {
				ASSETCATALOG_COMPILER_APPICON_NAME = AppIcon;
				CODE_SIGN_STYLE = Automatic;
				INFOPLIST_FILE = NSTimerLoop/Info.plist;
				LD_RUNPATH_SEARCH_PATHS = (
					"$(inherited)",
					"@executable_path/Frameworks",
				);
				PRODUCT_BUNDLE_IDENTIFIER = com.lym.NSTimerLoop;
				PRODUCT_NAME = "$(TARGET_NAME)";
				TARGETED_DEVICE_FAMILY = "1,2";
			};
			name = Debug;
		};
		D555E38221CE186700BD3473 /* Release */ = {
			isa = XCBuildConfiguration;
			buildSettings = {
				ASSETCATALOG_COMPILER_APPICON_NAME = AppIcon;
				CODE_SIGN_STYLE = Automatic;
				INFOPLIST_FILE = NSTimerLoop/Info.plist;
				LD_RUNPATH_SEARCH_PATHS = (
					"$(inherited)",
					"@executable_path/Frameworks",
				);
				PRODUCT_BUNDLE_IDENTIFIER = com.lym.NSTimerLoop;
				PRODUCT_NAME = "$(TARGET_NAME)";
				TARGETED_DEVICE_FAMILY = "1,2";
			};
			name = Release;
		};
/* End XCBuildConfiguration section */

/* Begin XCConfigurationList section */
		D555E36521CE186600BD3473 /* Build configuration list for PBXProject "NSTimerLoop" */ = {
			isa = XCConfigurationList;
			buildConfigurations = (
				D555E37E21CE186700BD3473 /* Debug */,
				D555E37F21CE186700BD3473 /* Release */,
			);
			defaultConfigurationIsVisible = 0;
			defaultConfigurationName = Release;
		};
		D555E38021CE186700BD3473 /* Build configuration list for PBXNativeTarget "NSTimerLoop" */ = {
			isa = XCConfigurationList;
			buildConfigurations = (
				D555E38121CE186700BD3473 /* Debug */,
				D555E38221CE186700BD3473 /* Release */,
			);
			defaultConfigurationIsVisible = 0;
			defaultConfigurationName = Release;
		};
/* End XCConfigurationList section */
	};
	rootObject = D555E36221CE186600BD3473 /* Project object */;
}
